
Microsoft Visual Studio Solution File, Format Version 12.00
# Visual Studio Version 17
VisualStudioVersion = 17.3.32922.545
MinimumVisualStudioVersion = 10.0.40219.1
Project("{9A19103F-16F7-4668-BE54-9A1E7A4F7556}") = "OOP.AddAClass", "OOP.AddAClass\OOP.AddAClass.csproj", "{A1E28390-E282-4EEB-BDC1-7C418AB0A1B3}"
EndProject
Project("{9A19103F-16F7-4668-BE54-9A1E7A4F7556}") = "OOP.Inheritance", "OOP.Inheritance\OOP.Inheritance.csproj", "{76B304EF-4306-4C5C-85BE-D9B687758444}"
EndProject
Project("{9A19103F-16F7-4668-BE54-9A1E7A4F7556}") = "OOP.AbstractClassAndMethods", "OOP.AbstractClassAndMethods\OOP.AbstractClassAndMethods.csproj", "{223CF3D8-21DE-4C8A-81A2-8FA87B2C9321}"
EndProject
Project("{9A19103F-16F7-4668-BE54-9A1E7A4F7556}") = "OOP.Interfaces", "OOP.Interfaces\OOP.Interfaces.csproj", "{8EC6828A-39CB-46BD-8B3B-CC8B89C95BD9}"
EndProject
Project("{9A19103F-16F7-4668-BE54-9A1E7A4F7556}") = "OOP.Interfaces.IFormattables", "OOP.Interfaces.IFormattable\OOP.Interfaces.IFormattables.csproj", "{B559FEBC-E826-47E9-8E19-CDBC2B4DFD7D}"
EndProject
Project("{FAE04EC0-301F-11D3-BF4B-00C04F79EFBC}") = "OOP.Interfaces.ICloneables", "OOP.Interfaces.ICloneable\OOP.Interfaces.ICloneables.csproj", "{906811A8-8E30-442A-AAFF-984A3B374163}"
EndProject
Project("{FAE04EC0-301F-11D3-BF4B-00C04F79EFBC}") = "OOP.Interfaces.IComparables", "OOP.Interfaces.IComparables\OOP.Interfaces.IComparables.csproj", "{C71B4F6A-36D6-4AAE-80C1-34B333895223}"
EndProject
Project("{FAE04EC0-301F-11D3-BF4B-00C04F79EFBC}") = "OOP.Interfaces.IComparablesT", "OOP.Interfaces.IComparablesT\OOP.Interfaces.IComparablesT.csproj", "{9AA5F62B-2362-4924-8B49-9FE82661369D}"
EndProject
Global
	GlobalSection(SolutionConfigurationPlatforms) = preSolution
		Debug|Any CPU = Debug|Any CPU
		Release|Any CPU = Release|Any CPU
	EndGlobalSection
	GlobalSection(ProjectConfigurationPlatforms) = postSolution
		{A1E28390-E282-4EEB-BDC1-7C418AB0A1B3}.Debug|Any CPU.ActiveCfg = Debug|Any CPU
		{A1E28390-E282-4EEB-BDC1-7C418AB0A1B3}.Debug|Any CPU.Build.0 = Debug|Any CPU
		{A1E28390-E282-4EEB-BDC1-7C418AB0A1B3}.Release|Any CPU.ActiveCfg = Release|Any CPU
		{A1E28390-E282-4EEB-BDC1-7C418AB0A1B3}.Release|Any CPU.Build.0 = Release|Any CPU
		{76B304EF-4306-4C5C-85BE-D9B687758444}.Debug|Any CPU.ActiveCfg = Debug|Any CPU
		{76B304EF-4306-4C5C-85BE-D9B687758444}.Debug|Any CPU.Build.0 = Debug|Any CPU
		{76B304EF-4306-4C5C-85BE-D9B687758444}.Release|Any CPU.ActiveCfg = Release|Any CPU
		{76B304EF-4306-4C5C-85BE-D9B687758444}.Release|Any CPU.Build.0 = Release|Any CPU
		{223CF3D8-21DE-4C8A-81A2-8FA87B2C9321}.Debug|Any CPU.ActiveCfg = Debug|Any CPU
		{223CF3D8-21DE-4C8A-81A2-8FA87B2C9321}.Debug|Any CPU.Build.0 = Debug|Any CPU
		{223CF3D8-21DE-4C8A-81A2-8FA87B2C9321}.Release|Any CPU.ActiveCfg = Release|Any CPU
		{223CF3D8-21DE-4C8A-81A2-8FA87B2C9321}.Release|Any CPU.Build.0 = Release|Any CPU
		{8EC6828A-39CB-46BD-8B3B-CC8B89C95BD9}.Debug|Any CPU.ActiveCfg = Debug|Any CPU
		{8EC6828A-39CB-46BD-8B3B-CC8B89C95BD9}.Debug|Any CPU.Build.0 = Debug|Any CPU
		{8EC6828A-39CB-46BD-8B3B-CC8B89C95BD9}.Release|Any CPU.ActiveCfg = Release|Any CPU
		{8EC6828A-39CB-46BD-8B3B-CC8B89C95BD9}.Release|Any CPU.Build.0 = Release|Any CPU
		{B559FEBC-E826-47E9-8E19-CDBC2B4DFD7D}.Debug|Any CPU.ActiveCfg = Debug|Any CPU
		{B559FEBC-E826-47E9-8E19-CDBC2B4DFD7D}.Debug|Any CPU.Build.0 = Debug|Any CPU
		{B559FEBC-E826-47E9-8E19-CDBC2B4DFD7D}.Release|Any CPU.ActiveCfg = Release|Any CPU
		{B559FEBC-E826-47E9-8E19-CDBC2B4DFD7D}.Release|Any CPU.Build.0 = Release|Any CPU
		{906811A8-8E30-442A-AAFF-984A3B374163}.Debug|Any CPU.ActiveCfg = Debug|Any CPU
		{906811A8-8E30-442A-AAFF-984A3B374163}.Debug|Any CPU.Build.0 = Debug|Any CPU
		{906811A8-8E30-442A-AAFF-984A3B374163}.Release|Any CPU.ActiveCfg = Release|Any CPU
		{906811A8-8E30-442A-AAFF-984A3B374163}.Release|Any CPU.Build.0 = Release|Any CPU
		{C71B4F6A-36D6-4AAE-80C1-34B333895223}.Debug|Any CPU.ActiveCfg = Debug|Any CPU
		{C71B4F6A-36D6-4AAE-80C1-34B333895223}.Debug|Any CPU.Build.0 = Debug|Any CPU
		{C71B4F6A-36D6-4AAE-80C1-34B333895223}.Release|Any CPU.ActiveCfg = Release|Any CPU
		{C71B4F6A-36D6-4AAE-80C1-34B333895223}.Release|Any CPU.Build.0 = Release|Any CPU
		{9AA5F62B-2362-4924-8B49-9FE82661369D}.Debug|Any CPU.ActiveCfg = Debug|Any CPU
		{9AA5F62B-2362-4924-8B49-9FE82661369D}.Debug|Any CPU.Build.0 = Debug|Any CPU
		{9AA5F62B-2362-4924-8B49-9FE82661369D}.Release|Any CPU.ActiveCfg = Release|Any CPU
		{9AA5F62B-2362-4924-8B49-9FE82661369D}.Release|Any CPU.Build.0 = Release|Any CPU
	EndGlobalSection
	GlobalSection(SolutionProperties) = preSolution
		HideSolutionNode = FALSE
	EndGlobalSection
	GlobalSection(ExtensibilityGlobals) = postSolution
		SolutionGuid = {B9D8C8AB-DB8F-448F-96AE-00C9E1EF164F}
	EndGlobalSection
EndGlobal
